
Microsoft Visual Studio Solution File, Format Version 12.00
# Visual Studio Version 16
VisualStudioVersion = 16.0.31005.135
MinimumVisualStudioVersion = 15.0.26124.0
Project("{9A19103F-16F7-4668-BE54-9A1E7A4F7556}") = "Project1", "Project1\Project1.csproj", "{0AF02796-A26F-4885-B6F5-5E0BA348676F}"
EndProject
Project("{9A19103F-16F7-4668-BE54-9A1E7A4F7556}") = "Project2", "Project2\Project2.csproj", "{E07FBD40-0E9C-45FF-98FC-DF674A0724C7}"
EndProject
Project("{9A19103F-16F7-4668-BE54-9A1E7A4F7556}") = "Project2.Tests", "Project2.Tests\Project2.Tests.csproj", "{2FE6FD0E-8D87-4851-AE35-A7F32EEE179F}"
EndProject
Global
	GlobalSection(SolutionConfigurationPlatforms) = preSolution
		Debug|Any CPU = Debug|Any CPU
		Release|Any CPU = Release|Any CPU
	EndGlobalSection
	GlobalSection(ProjectConfigurationPlatforms) = postSolution
		{0AF02796-A26F-4885-B6F5-5E0BA348676F}.Debug|Any CPU.ActiveCfg = Debug|Any CPU
		{0AF02796-A26F-4885-B6F5-5E0BA348676F}.Debug|Any CPU.Build.0 = Debug|Any CPU
		{0AF02796-A26F-4885-B6F5-5E0BA348676F}.Release|Any CPU.ActiveCfg = Release|Any CPU
		{0AF02796-A26F-4885-B6F5-5E0BA348676F}.Release|Any CPU.Build.0 = Release|Any CPU
		{E07FBD40-0E9C-45FF-98FC-DF674A0724C7}.Debug|Any CPU.ActiveCfg = Debug|Any CPU
		{E07FBD40-0E9C-45FF-98FC-DF674A0724C7}.Debug|Any CPU.Build.0 = Debug|Any CPU
		{E07FBD40-0E9C-45FF-98FC-DF674A0724C7}.Release|Any CPU.ActiveCfg = Release|Any CPU
		{E07FBD40-0E9C-45FF-98FC-DF674A0724C7}.Release|Any CPU.Build.0 = Release|Any CPU
		{2FE6FD0E-8D87-4851-AE35-A7F32EEE179F}.Debug|Any CPU.ActiveCfg = Debug|Any CPU
		{2FE6FD0E-8D87-4851-AE35-A7F32EEE179F}.Debug|Any CPU.Build.0 = Debug|Any CPU
		{2FE6FD0E-8D87-4851-AE35-A7F32EEE179F}.Release|Any CPU.ActiveCfg = Release|Any CPU
		{2FE6FD0E-8D87-4851-AE35-A7F32EEE179F}.Release|Any CPU.Build.0 = Release|Any CPU
	EndGlobalSection
	GlobalSection(SolutionProperties) = preSolution
		HideSolutionNode = FALSE
	EndGlobalSection
	GlobalSection(ExtensibilityGlobals) = postSolution
		SolutionGuid = {D3E9B39C-0981-4925-9E18-1EF5509B3506}
	EndGlobalSection
EndGlobal
